// !$*UTF8*$!
{
	archiveVersion = 1;
	classes = {
	};
	objectVersion = 46;
	objects = {

/* Begin PBXBuildFile section */
		07C84D4B13A49D0200AC141D /* Segmentation.m in Sources */ = {isa = PBXBuildFile; fileRef = 07C84D4A13A49D0200AC141D /* Segmentation.m */; };
		320AF8492C47A4D819F7C451 /* QuartzCore.framework in Frameworks */ = {isa = PBXBuildFile; fileRef = 320AF8492C47A4D819F7C450 /* QuartzCore.framework */; };
		3D1490BA1377E4F400A8FE68 /* UIKit.framework in Frameworks */ = {isa = PBXBuildFile; fileRef = 3D1490B91377E4F400A8FE68 /* UIKit.framework */; };
		3D1490BC1377E4F400A8FE68 /* Foundation.framework in Frameworks */ = {isa = PBXBuildFile; fileRef = 3D1490BB1377E4F400A8FE68 /* Foundation.framework */; };
		3D1490BE1377E4F400A8FE68 /* CoreGraphics.framework in Frameworks */ = {isa = PBXBuildFile; fileRef = 3D1490BD1377E4F400A8FE68 /* CoreGraphics.framework */; };
		3D1490C41377E4F400A8FE68 /* InfoPlist.strings in Resources */ = {isa = PBXBuildFile; fileRef = 3D1490C21377E4F400A8FE68 /* InfoPlist.strings */; };
		3D1490C71377E4F400A8FE68 /* main.m in Sources */ = {isa = PBXBuildFile; fileRef = 3D1490C61377E4F400A8FE68 /* main.m */; };
		3D1490CA1377E4F400A8FE68 /* ComicViewerAppDelegate.m in Sources */ = {isa = PBXBuildFile; fileRef = 3D1490C91377E4F400A8FE68 /* ComicViewerAppDelegate.m */; };
		3D1490CD1377E4F400A8FE68 /* MainWindow.xib in Resources */ = {isa = PBXBuildFile; fileRef = 3D1490CB1377E4F400A8FE68 /* MainWindow.xib */; };
		3D1490D01377E4F400A8FE68 /* ComicViewerViewController.m in Sources */ = {isa = PBXBuildFile; fileRef = 3D1490CF1377E4F400A8FE68 /* ComicViewerViewController.m */; };
		3D1490D31377E4F400A8FE68 /* ComicViewerViewController.xib in Resources */ = {isa = PBXBuildFile; fileRef = 3D1490D11377E4F400A8FE68 /* ComicViewerViewController.xib */; };
		3D3C0CEC13A4A638009F75AF /* 1.png in Resources */ = {isa = PBXBuildFile; fileRef = 3D3C0CEB13A4A638009F75AF /* 1.png */; };
		3D3C0CF013A4A645009F75AF /* 2.png in Resources */ = {isa = PBXBuildFile; fileRef = 3D3C0CEE13A4A645009F75AF /* 2.png */; };
		3D3C0CF113A4A645009F75AF /* 3.png in Resources */ = {isa = PBXBuildFile; fileRef = 3D3C0CEF13A4A645009F75AF /* 3.png */; };
		3D4A89A91377F968006366A8 /* PicturesViewerViewController.m in Sources */ = {isa = PBXBuildFile; fileRef = 3D4A89A71377F968006366A8 /* PicturesViewerViewController.m */; };
		3D4A89AA1377F968006366A8 /* PicturesViewerViewController.xib in Resources */ = {isa = PBXBuildFile; fileRef = 3D4A89A81377F968006366A8 /* PicturesViewerViewController.xib */; };
		42FE837D13A3542C0067CED1 /* MyScrollView.m in Sources */ = {isa = PBXBuildFile; fileRef = 42FE837C13A3542C0067CED1 /* MyScrollView.m */; };
		63D6F5D413A7820E00E4A829 /* panelcut.m in Sources */ = {isa = PBXBuildFile; fileRef = 63D6F5D313A7820E00E4A829 /* panelcut.m */; };
/* End PBXBuildFile section */

/* Begin PBXFileReference section */
		07C84D4913A49D0200AC141D /* Segmentation.h */ = {isa = PBXFileReference; fileEncoding = 4; lastKnownFileType = sourcecode.c.h; path = Segmentation.h; sourceTree = "<group>"; };
		07C84D4A13A49D0200AC141D /* Segmentation.m */ = {isa = PBXFileReference; fileEncoding = 4; lastKnownFileType = sourcecode.c.objc; path = Segmentation.m; sourceTree = "<group>"; };
		320AF8492C47A4D819F7C450 /* QuartzCore.framework */ = {isa = PBXFileReference; lastKnownFileType = wrapper.framework; name = QuartzCore.framework; path = System/Library/Frameworks/QuartzCore.framework; sourceTree = SDKROOT; };
		3D1490B51377E4F400A8FE68 /* ComicViewer.app */ = {isa = PBXFileReference; explicitFileType = wrapper.application; includeInIndex = 0; path = ComicViewer.app; sourceTree = BUILT_PRODUCTS_DIR; };
		3D1490B91377E4F400A8FE68 /* UIKit.framework */ = {isa = PBXFileReference; lastKnownFileType = wrapper.framework; name = UIKit.framework; path = System/Library/Frameworks/UIKit.framework; sourceTree = SDKROOT; };
		3D1490BB1377E4F400A8FE68 /* Foundation.framework */ = {isa = PBXFileReference; lastKnownFileType = wrapper.framework; name = Foundation.framework; path = System/Library/Frameworks/Foundation.framework; sourceTree = SDKROOT; };
		3D1490BD1377E4F400A8FE68 /* CoreGraphics.framework */ = {isa = PBXFileReference; lastKnownFileType = wrapper.framework; name = CoreGraphics.framework; path = System/Library/Frameworks/CoreGraphics.framework; sourceTree = SDKROOT; };
		3D1490C11377E4F400A8FE68 /* ComicViewer-Info.plist */ = {isa = PBXFileReference; lastKnownFileType = text.plist.xml; path = "ComicViewer-Info.plist"; sourceTree = "<group>"; };
		3D1490C31377E4F400A8FE68 /* en */ = {isa = PBXFileReference; lastKnownFileType = text.plist.strings; name = en; path = en.lproj/InfoPlist.strings; sourceTree = "<group>"; };
		3D1490C51377E4F400A8FE68 /* ComicViewer-Prefix.pch */ = {isa = PBXFileReference; lastKnownFileType = sourcecode.c.h; path = "ComicViewer-Prefix.pch"; sourceTree = "<group>"; };
		3D1490C61377E4F400A8FE68 /* main.m */ = {isa = PBXFileReference; lastKnownFileType = sourcecode.c.objc; path = main.m; sourceTree = "<group>"; };
		3D1490C81377E4F400A8FE68 /* ComicViewerAppDelegate.h */ = {isa = PBXFileReference; lastKnownFileType = sourcecode.c.h; path = ComicViewerAppDelegate.h; sourceTree = "<group>"; };
		3D1490C91377E4F400A8FE68 /* ComicViewerAppDelegate.m */ = {isa = PBXFileReference; lastKnownFileType = sourcecode.c.objc; path = ComicViewerAppDelegate.m; sourceTree = "<group>"; };
		3D1490CC1377E4F400A8FE68 /* en */ = {isa = PBXFileReference; lastKnownFileType = file.xib; name = en; path = en.lproj/MainWindow.xib; sourceTree = "<group>"; };
		3D1490CE1377E4F400A8FE68 /* ComicViewerViewController.h */ = {isa = PBXFileReference; lastKnownFileType = sourcecode.c.h; path = ComicViewerViewController.h; sourceTree = "<group>"; };
		3D1490CF1377E4F400A8FE68 /* ComicViewerViewController.m */ = {isa = PBXFileReference; lastKnownFileType = sourcecode.c.objc; path = ComicViewerViewController.m; sourceTree = "<group>"; };
		3D1490D21377E4F400A8FE68 /* en */ = {isa = PBXFileReference; lastKnownFileType = file.xib; name = en; path = en.lproj/ComicViewerViewController.xib; sourceTree = "<group>"; };
		3D3C0CEB13A4A638009F75AF /* 1.png */ = {isa = PBXFileReference; lastKnownFileType = image.png; path = 1.png; sourceTree = "<group>"; };
		3D3C0CEE13A4A645009F75AF /* 2.png */ = {isa = PBXFileReference; lastKnownFileType = image.png; path = 2.png; sourceTree = "<group>"; };
		3D3C0CEF13A4A645009F75AF /* 3.png */ = {isa = PBXFileReference; lastKnownFileType = image.png; path = 3.png; sourceTree = "<group>"; };
		3D4A89A61377F968006366A8 /* PicturesViewerViewController.h */ = {isa = PBXFileReference; fileEncoding = 4; lastKnownFileType = sourcecode.c.h; path = PicturesViewerViewController.h; sourceTree = "<group>"; };
		3D4A89A71377F968006366A8 /* PicturesViewerViewController.m */ = {isa = PBXFileReference; fileEncoding = 4; lastKnownFileType = sourcecode.c.objc; path = PicturesViewerViewController.m; sourceTree = "<group>"; };
		3D4A89A81377F968006366A8 /* PicturesViewerViewController.xib */ = {isa = PBXFileReference; fileEncoding = 4; lastKnownFileType = file.xib; path = PicturesViewerViewController.xib; sourceTree = "<group>"; };
		42FE837B13A3542C0067CED1 /* MyScrollView.h */ = {isa = PBXFileReference; fileEncoding = 4; lastKnownFileType = sourcecode.c.h; path = MyScrollView.h; sourceTree = "<group>"; };
		42FE837C13A3542C0067CED1 /* MyScrollView.m */ = {isa = PBXFileReference; fileEncoding = 4; lastKnownFileType = sourcecode.c.objc; path = MyScrollView.m; sourceTree = "<group>"; };
		63D6F5D213A7820E00E4A829 /* panelcut.h */ = {isa = PBXFileReference; fileEncoding = 4; lastKnownFileType = sourcecode.c.h; path = panelcut.h; sourceTree = "<group>"; };
		63D6F5D313A7820E00E4A829 /* panelcut.m */ = {isa = PBXFileReference; fileEncoding = 4; lastKnownFileType = sourcecode.c.objc; path = panelcut.m; sourceTree = "<group>"; };
/* End PBXFileReference section */

/* Begin PBXFrameworksBuildPhase section */
		3D1490B21377E4F400A8FE68 /* Frameworks */ = {
			isa = PBXFrameworksBuildPhase;
			buildActionMask = 2147483647;
			files = (
				320AF8492C47A4D819F7C451 /* QuartzCore.framework in Frameworks */,
				3D1490BA1377E4F400A8FE68 /* UIKit.framework in Frameworks */,
				3D1490BC1377E4F400A8FE68 /* Foundation.framework in Frameworks */,
				3D1490BE1377E4F400A8FE68 /* CoreGraphics.framework in Frameworks */,
			);
			runOnlyForDeploymentPostprocessing = 0;
		};
/* End PBXFrameworksBuildPhase section */

/* Begin PBXGroup section */
		3D1490AA1377E4F300A8FE68 = {
			isa = PBXGroup;
			children = (
				3D1490BF1377E4F400A8FE68 /* ComicViewer */,
				3D1490B81377E4F400A8FE68 /* Frameworks */,
				3D1490B61377E4F400A8FE68 /* Products */,
				63D6F5D213A7820E00E4A829 /* panelcut.h */,
				63D6F5D313A7820E00E4A829 /* panelcut.m */,
			);
			sourceTree = "<group>";
		};
		3D1490B61377E4F400A8FE68 /* Products */ = {
			isa = PBXGroup;
			children = (
				3D1490B51377E4F400A8FE68 /* ComicViewer.app */,
			);
			name = Products;
			sourceTree = "<group>";
		};
		3D1490B81377E4F400A8FE68 /* Frameworks */ = {
			isa = PBXGroup;
			children = (
				320AF8492C47A4D819F7C450 /* QuartzCore.framework */,
				3D1490B91377E4F400A8FE68 /* UIKit.framework */,
				3D1490BB1377E4F400A8FE68 /* Foundation.framework */,
				3D1490BD1377E4F400A8FE68 /* CoreGraphics.framework */,
			);
			name = Frameworks;
			sourceTree = "<group>";
		};
		3D1490BF1377E4F400A8FE68 /* ComicViewer */ = {
			isa = PBXGroup;
			children = (
				42FE837B13A3542C0067CED1 /* MyScrollView.h */,
				42FE837C13A3542C0067CED1 /* MyScrollView.m */,
				3D1490C81377E4F400A8FE68 /* ComicViewerAppDelegate.h */,
				3D1490C91377E4F400A8FE68 /* ComicViewerAppDelegate.m */,
				3D1490CB1377E4F400A8FE68 /* MainWindow.xib */,
				3D1490CE1377E4F400A8FE68 /* ComicViewerViewController.h */,
				3D1490CF1377E4F400A8FE68 /* ComicViewerViewController.m */,
				3D1490D11377E4F400A8FE68 /* ComicViewerViewController.xib */,
				3D4A89A61377F968006366A8 /* PicturesViewerViewController.h */,
				07C84D4913A49D0200AC141D /* Segmentation.h */,
				07C84D4A13A49D0200AC141D /* Segmentation.m */,
				3D4A89A71377F968006366A8 /* PicturesViewerViewController.m */,
				3D4A89A81377F968006366A8 /* PicturesViewerViewController.xib */,
				3D1490D91377E5EA00A8FE68 /* Resource */,
				3D1490C01377E4F400A8FE68 /* Supporting Files */,
			);
			path = ComicViewer;
			sourceTree = "<group>";
		};
		3D1490C01377E4F400A8FE68 /* Supporting Files */ = {
			isa = PBXGroup;
			children = (
				3D1490C11377E4F400A8FE68 /* ComicViewer-Info.plist */,
				3D1490C21377E4F400A8FE68 /* InfoPlist.strings */,
				3D1490C51377E4F400A8FE68 /* ComicViewer-Prefix.pch */,
				3D1490C61377E4F400A8FE68 /* main.m */,
			);
			name = "Supporting Files";
			sourceTree = "<group>";
		};
		3D1490D91377E5EA00A8FE68 /* Resource */ = {
			isa = PBXGroup;
			children = (
				3D1490DA1377E6C000A8FE68 /* examples */,
			);
			name = Resource;
			sourceTree = "<group>";
		};
		3D1490DA1377E6C000A8FE68 /* examples */ = {
			isa = PBXGroup;
			children = (
				3D3C0CEE13A4A645009F75AF /* 2.png */,
				3D3C0CEF13A4A645009F75AF /* 3.png */,
				3D3C0CEB13A4A638009F75AF /* 1.png */,
			);
			name = examples;
			sourceTree = "<group>";
		};
/* End PBXGroup section */

/* Begin PBXNativeTarget section */
		3D1490B41377E4F400A8FE68 /* ComicViewer */ = {
			isa = PBXNativeTarget;
			buildConfigurationList = 3D1490D61377E4F400A8FE68 /* Build configuration list for PBXNativeTarget "ComicViewer" */;
			buildPhases = (
				3D1490B11377E4F400A8FE68 /* Sources */,
				3D1490B21377E4F400A8FE68 /* Frameworks */,
				3D1490B31377E4F400A8FE68 /* Resources */,
			);
			buildRules = (
			);
			dependencies = (
			);
			name = ComicViewer;
			productName = ComicViewer;
			productReference = 3D1490B51377E4F400A8FE68 /* ComicViewer.app */;
			productType = "com.apple.product-type.application";
		};
/* End PBXNativeTarget section */

/* Begin PBXProject section */
		3D1490AC1377E4F300A8FE68 /* Project object */ = {
			isa = PBXProject;
			buildConfigurationList = 3D1490AF1377E4F300A8FE68 /* Build configuration list for PBXProject "ComicViewer" */;
			compatibilityVersion = "Xcode 3.2";
			developmentRegion = English;
			hasScannedForEncodings = 0;
			knownRegions = (
				en,
			);
			mainGroup = 3D1490AA1377E4F300A8FE68;
			productRefGroup = 3D1490B61377E4F400A8FE68 /* Products */;
			projectDirPath = "";
			projectRoot = "";
			targets = (
				3D1490B41377E4F400A8FE68 /* ComicViewer */,
			);
		};
/* End PBXProject section */

/* Begin PBXResourcesBuildPhase section */
		3D1490B31377E4F400A8FE68 /* Resources */ = {
			isa = PBXResourcesBuildPhase;
			buildActionMask = 2147483647;
			files = (
				3D1490C41377E4F400A8FE68 /* InfoPlist.strings in Resources */,
				3D1490CD1377E4F400A8FE68 /* MainWindow.xib in Resources */,
				3D1490D31377E4F400A8FE68 /* ComicViewerViewController.xib in Resources */,
				3D4A89AA1377F968006366A8 /* PicturesViewerViewController.xib in Resources */,
				3D3C0CEC13A4A638009F75AF /* 1.png in Resources */,
				3D3C0CF013A4A645009F75AF /* 2.png in Resources */,
				3D3C0CF113A4A645009F75AF /* 3.png in Resources */,
			);
			runOnlyForDeploymentPostprocessing = 0;
		};
/* End PBXResourcesBuildPhase section */

/* Begin PBXSourcesBuildPhase section */
		3D1490B11377E4F400A8FE68 /* Sources */ = {
			isa = PBXSourcesBuildPhase;
			buildActionMask = 2147483647;
			files = (
				3D1490C71377E4F400A8FE68 /* main.m in Sources */,
				3D1490CA1377E4F400A8FE68 /* ComicViewerAppDelegate.m in Sources */,
				3D1490D01377E4F400A8FE68 /* ComicViewerViewController.m in Sources */,
				3D4A89A91377F968006366A8 /* PicturesViewerViewController.m in Sources */,
				42FE837D13A3542C0067CED1 /* MyScrollView.m in Sources */,
				07C84D4B13A49D0200AC141D /* Segmentation.m in Sources */,
				63D6F5D413A7820E00E4A829 /* panelcut.m in Sources */,
			);
			runOnlyForDeploymentPostprocessing = 0;
		};
/* End PBXSourcesBuildPhase section */

/* Begin PBXVariantGroup section */
		3D1490C21377E4F400A8FE68 /* InfoPlist.strings */ = {
			isa = PBXVariantGroup;
			children = (
				3D1490C31377E4F400A8FE68 /* en */,
			);
			name = InfoPlist.strings;
			sourceTree = "<group>";
		};
		3D1490CB1377E4F400A8FE68 /* MainWindow.xib */ = {
			isa = PBXVariantGroup;
			children = (
				3D1490CC1377E4F400A8FE68 /* en */,
			);
			name = MainWindow.xib;
			sourceTree = "<group>";
		};
		3D1490D11377E4F400A8FE68 /* ComicViewerViewController.xib */ = {
			isa = PBXVariantGroup;
			children = (
				3D1490D21377E4F400A8FE68 /* en */,
			);
			name = ComicViewerViewController.xib;
			sourceTree = "<group>";
		};
/* End PBXVariantGroup section */

/* Begin XCBuildConfiguration section */
		3D1490D41377E4F400A8FE68 /* Debug */ = {
			isa = XCBuildConfiguration;
			buildSettings = {
				ARCHS = "$(ARCHS_STANDARD_32_BIT)";
				"CODE_SIGN_IDENTITY[sdk=iphoneos*]" = "iPhone Developer";
				GCC_C_LANGUAGE_STANDARD = gnu99;
				GCC_OPTIMIZATION_LEVEL = 0;
				GCC_PREPROCESSOR_DEFINITIONS = DEBUG;
				GCC_SYMBOLS_PRIVATE_EXTERN = NO;
				GCC_VERSION = 4.2;
				GCC_WARN_ABOUT_RETURN_TYPE = YES;
				GCC_WARN_UNUSED_VARIABLE = YES;
				HEADER_SEARCH_PATHS = (
					"$(BUILT_PRODUCTS_DIR)/../three20",
					"$(BUILT_PRODUCTS_DIR)/../../three20",
					../../../../../../../Projects/three20/Build/Products/three20,
				);
				IPHONEOS_DEPLOYMENT_TARGET = 4.2;
				OTHER_LDFLAGS = "-ObjC";
				SDKROOT = iphoneos;
			};
			name = Debug;
		};
		3D1490D51377E4F400A8FE68 /* Release */ = {
			isa = XCBuildConfiguration;
			buildSettings = {
				ARCHS = "$(ARCHS_STANDARD_32_BIT)";
				"CODE_SIGN_IDENTITY[sdk=iphoneos*]" = "iPhone Developer";
				GCC_C_LANGUAGE_STANDARD = gnu99;
				GCC_VERSION = 4.2;
				GCC_WARN_ABOUT_RETURN_TYPE = YES;
				GCC_WARN_UNUSED_VARIABLE = YES;
				HEADER_SEARCH_PATHS = (
					"$(BUILT_PRODUCTS_DIR)/../three20",
					"$(BUILT_PRODUCTS_DIR)/../../three20",
					../../../../../../../Projects/three20/Build/Products/three20,
				);
				IPHONEOS_DEPLOYMENT_TARGET = 4.2;
				OTHER_CFLAGS = "-DNS_BLOCK_ASSERTIONS=1";
				OTHER_LDFLAGS = "-ObjC";
				SDKROOT = iphoneos;
			};
			name = Release;
		};
		3D1490D71377E4F400A8FE68 /* Debug */ = {
			isa = XCBuildConfiguration;
			buildSettings = {
				ALWAYS_SEARCH_USER_PATHS = NO;
				COPY_PHASE_STRIP = NO;
				GCC_DYNAMIC_NO_PIC = NO;
				GCC_PRECOMPILE_PREFIX_HEADER = YES;
				GCC_PREFIX_HEADER = "ComicViewer/ComicViewer-Prefix.pch";
				INFOPLIST_FILE = "ComicViewer/ComicViewer-Info.plist";
				IPHONEOS_DEPLOYMENT_TARGET = 4.2;
				PRODUCT_NAME = "$(TARGET_NAME)";
				WRAPPER_EXTENSION = app;
			};
			name = Debug;
		};
		3D1490D81377E4F400A8FE68 /* Release */ = {
			isa = XCBuildConfiguration;
			buildSettings = {
				ALWAYS_SEARCH_USER_PATHS = NO;
				COPY_PHASE_STRIP = YES;
				GCC_PRECOMPILE_PREFIX_HEADER = YES;
				GCC_PREFIX_HEADER = "ComicViewer/ComicViewer-Prefix.pch";
				INFOPLIST_FILE = "ComicViewer/ComicViewer-Info.plist";
				IPHONEOS_DEPLOYMENT_TARGET = 4.2;
				PRODUCT_NAME = "$(TARGET_NAME)";
				VALIDATE_PRODUCT = YES;
				WRAPPER_EXTENSION = app;
			};
			name = Release;
		};
/* End XCBuildConfiguration section */

/* Begin XCConfigurationList section */
		3D1490AF1377E4F300A8FE68 /* Build configuration list for PBXProject "ComicViewer" */ = {
			isa = XCConfigurationList;
			buildConfigurations = (
				3D1490D41377E4F400A8FE68 /* Debug */,
				3D1490D51377E4F400A8FE68 /* Release */,
			);
			defaultConfigurationIsVisible = 0;
			defaultConfigurationName = Release;
		};
		3D1490D61377E4F400A8FE68 /* Build configuration list for PBXNativeTarget "ComicViewer" */ = {
			isa = XCConfigurationList;
			buildConfigurations = (
				3D1490D71377E4F400A8FE68 /* Debug */,
				3D1490D81377E4F400A8FE68 /* Release */,
			);
			defaultConfigurationIsVisible = 0;
			defaultConfigurationName = Release;
		};
/* End XCConfigurationList section */
	};
	rootObject = 3D1490AC1377E4F300A8FE68 /* Project object */;
}
